
Microsoft Visual Studio Solution File, Format Version 12.00
# Visual Studio 15
VisualStudioVersion = 15.0.26430.16
MinimumVisualStudioVersion = 10.0.40219.1
Project("{FAE04EC0-301F-11D3-BF4B-00C04F79EFBC}") = "XFAttBehavior", "XFAttBehavior\XFAttBehavior\XFAttBehavior.csproj", "{0CDA80B7-A192-4546-9486-01281E9E7DBC}"
EndProject
Project("{FAE04EC0-301F-11D3-BF4B-00C04F79EFBC}") = "XFAttBehavior.Droid", "XFAttBehavior\XFAttBehavior.Droid\XFAttBehavior.Droid.csproj", "{34EF36EA-388E-48B8-80E6-4F8013B1577E}"
EndProject
Project("{FAE04EC0-301F-11D3-BF4B-00C04F79EFBC}") = "XFAttBehavior.iOS", "XFAttBehavior\XFAttBehavior.iOS\XFAttBehavior.iOS.csproj", "{892CB784-1132-4E4A-9345-EB484D3E1E33}"
EndProject
Project("{FAE04EC0-301F-11D3-BF4B-00C04F79EFBC}") = "XFAttBehavior.UWP", "XFAttBehavior\XFAttBehavior.UWP\XFAttBehavior.UWP.csproj", "{A6938378-A385-4D8E-8A5E-061B0397C8ED}"
EndProject
Global
	GlobalSection(SolutionConfigurationPlatforms) = preSolution
		Ad-Hoc|Any CPU = Ad-Hoc|Any CPU
		Ad-Hoc|ARM = Ad-Hoc|ARM
		Ad-Hoc|iPhone = Ad-Hoc|iPhone
		Ad-Hoc|iPhoneSimulator = Ad-Hoc|iPhoneSimulator
		Ad-Hoc|x64 = Ad-Hoc|x64
		Ad-Hoc|x86 = Ad-Hoc|x86
		AppStore|Any CPU = AppStore|Any CPU
		AppStore|ARM = AppStore|ARM
		AppStore|iPhone = AppStore|iPhone
		AppStore|iPhoneSimulator = AppStore|iPhoneSimulator
		AppStore|x64 = AppStore|x64
		AppStore|x86 = AppStore|x86
		Debug|Any CPU = Debug|Any CPU
		Debug|ARM = Debug|ARM
		Debug|iPhone = Debug|iPhone
		Debug|iPhoneSimulator = Debug|iPhoneSimulator
		Debug|x64 = Debug|x64
		Debug|x86 = Debug|x86
		Release|Any CPU = Release|Any CPU
		Release|ARM = Release|ARM
		Release|iPhone = Release|iPhone
		Release|iPhoneSimulator = Release|iPhoneSimulator
		Release|x64 = Release|x64
		Release|x86 = Release|x86
	EndGlobalSection
	GlobalSection(ProjectConfigurationPlatforms) = postSolution
		{0CDA80B7-A192-4546-9486-01281E9E7DBC}.Ad-Hoc|Any CPU.ActiveCfg = Release|Any CPU
		{0CDA80B7-A192-4546-9486-01281E9E7DBC}.Ad-Hoc|Any CPU.Build.0 = Release|Any CPU
		{0CDA80B7-A192-4546-9486-01281E9E7DBC}.Ad-Hoc|ARM.ActiveCfg = Release|Any CPU
		{0CDA80B7-A192-4546-9486-01281E9E7DBC}.Ad-Hoc|ARM.Build.0 = Release|Any CPU
		{0CDA80B7-A192-4546-9486-01281E9E7DBC}.Ad-Hoc|iPhone.ActiveCfg = Release|Any CPU
		{0CDA80B7-A192-4546-9486-01281E9E7DBC}.Ad-Hoc|iPhone.Build.0 = Release|Any CPU
		{0CDA80B7-A192-4546-9486-01281E9E7DBC}.Ad-Hoc|iPhoneSimulator.ActiveCfg = Release|Any CPU
		{0CDA80B7-A192-4546-9486-01281E9E7DBC}.Ad-Hoc|iPhoneSimulator.Build.0 = Release|Any CPU
		{0CDA80B7-A192-4546-9486-01281E9E7DBC}.Ad-Hoc|x64.ActiveCfg = Release|Any CPU
		{0CDA80B7-A192-4546-9486-01281E9E7DBC}.Ad-Hoc|x64.Build.0 = Release|Any CPU
		{0CDA80B7-A192-4546-9486-01281E9E7DBC}.Ad-Hoc|x86.ActiveCfg = Release|Any CPU
		{0CDA80B7-A192-4546-9486-01281E9E7DBC}.Ad-Hoc|x86.Build.0 = Release|Any CPU
		{0CDA80B7-A192-4546-9486-01281E9E7DBC}.AppStore|Any CPU.ActiveCfg = Release|Any CPU
		{0CDA80B7-A192-4546-9486-01281E9E7DBC}.AppStore|Any CPU.Build.0 = Release|Any CPU
		{0CDA80B7-A192-4546-9486-01281E9E7DBC}.AppStore|ARM.ActiveCfg = Release|Any CPU
		{0CDA80B7-A192-4546-9486-01281E9E7DBC}.AppStore|ARM.Build.0 = Release|Any CPU
		{0CDA80B7-A192-4546-9486-01281E9E7DBC}.AppStore|iPhone.ActiveCfg = Release|Any CPU
		{0CDA80B7-A192-4546-9486-01281E9E7DBC}.AppStore|iPhone.Build.0 = Release|Any CPU
		{0CDA80B7-A192-4546-9486-01281E9E7DBC}.AppStore|iPhoneSimulator.ActiveCfg = Release|Any CPU
		{0CDA80B7-A192-4546-9486-01281E9E7DBC}.AppStore|iPhoneSimulator.Build.0 = Release|Any CPU
		{0CDA80B7-A192-4546-9486-01281E9E7DBC}.AppStore|x64.ActiveCfg = Release|Any CPU
		{0CDA80B7-A192-4546-9486-01281E9E7DBC}.AppStore|x64.Build.0 = Release|Any CPU
		{0CDA80B7-A192-4546-9486-01281E9E7DBC}.AppStore|x86.ActiveCfg = Release|Any CPU
		{0CDA80B7-A192-4546-9486-01281E9E7DBC}.AppStore|x86.Build.0 = Release|Any CPU
		{0CDA80B7-A192-4546-9486-01281E9E7DBC}.Debug|Any CPU.ActiveCfg = Debug|Any CPU
		{0CDA80B7-A192-4546-9486-01281E9E7DBC}.Debug|Any CPU.Build.0 = Debug|Any CPU
		{0CDA80B7-A192-4546-9486-01281E9E7DBC}.Debug|ARM.ActiveCfg = Debug|Any CPU
		{0CDA80B7-A192-4546-9486-01281E9E7DBC}.Debug|ARM.Build.0 = Debug|Any CPU
		{0CDA80B7-A192-4546-9486-01281E9E7DBC}.Debug|iPhone.ActiveCfg = Debug|Any CPU
		{0CDA80B7-A192-4546-9486-01281E9E7DBC}.Debug|iPhone.Build.0 = Debug|Any CPU
		{0CDA80B7-A192-4546-9486-01281E9E7DBC}.Debug|iPhoneSimulator.ActiveCfg = Debug|Any CPU
		{0CDA80B7-A192-4546-9486-01281E9E7DBC}.Debug|iPhoneSimulator.Build.0 = Debug|Any CPU
		{0CDA80B7-A192-4546-9486-01281E9E7DBC}.Debug|x64.ActiveCfg = Debug|Any CPU
		{0CDA80B7-A192-4546-9486-01281E9E7DBC}.Debug|x64.Build.0 = Debug|Any CPU
		{0CDA80B7-A192-4546-9486-01281E9E7DBC}.Debug|x86.ActiveCfg = Debug|Any CPU
		{0CDA80B7-A192-4546-9486-01281E9E7DBC}.Debug|x86.Build.0 = Debug|Any CPU
		{0CDA80B7-A192-4546-9486-01281E9E7DBC}.Release|Any CPU.ActiveCfg = Release|Any CPU
		{0CDA80B7-A192-4546-9486-01281E9E7DBC}.Release|Any CPU.Build.0 = Release|Any CPU
		{0CDA80B7-A192-4546-9486-01281E9E7DBC}.Release|ARM.ActiveCfg = Release|Any CPU
		{0CDA80B7-A192-4546-9486-01281E9E7DBC}.Release|ARM.Build.0 = Release|Any CPU
		{0CDA80B7-A192-4546-9486-01281E9E7DBC}.Release|iPhone.ActiveCfg = Release|Any CPU
		{0CDA80B7-A192-4546-9486-01281E9E7DBC}.Release|iPhone.Build.0 = Release|Any CPU
		{0CDA80B7-A192-4546-9486-01281E9E7DBC}.Release|iPhoneSimulator.ActiveCfg = Release|Any CPU
		{0CDA80B7-A192-4546-9486-01281E9E7DBC}.Release|iPhoneSimulator.Build.0 = Release|Any CPU
		{0CDA80B7-A192-4546-9486-01281E9E7DBC}.Release|x64.ActiveCfg = Release|Any CPU
		{0CDA80B7-A192-4546-9486-01281E9E7DBC}.Release|x64.Build.0 = Release|Any CPU
		{0CDA80B7-A192-4546-9486-01281E9E7DBC}.Release|x86.ActiveCfg = Release|Any CPU
		{0CDA80B7-A192-4546-9486-01281E9E7DBC}.Release|x86.Build.0 = Release|Any CPU
		{34EF36EA-388E-48B8-80E6-4F8013B1577E}.Ad-Hoc|Any CPU.ActiveCfg = Release|Any CPU
		{34EF36EA-388E-48B8-80E6-4F8013B1577E}.Ad-Hoc|Any CPU.Build.0 = Release|Any CPU
		{34EF36EA-388E-48B8-80E6-4F8013B1577E}.Ad-Hoc|Any CPU.Deploy.0 = Release|Any CPU
		{34EF36EA-388E-48B8-80E6-4F8013B1577E}.Ad-Hoc|ARM.ActiveCfg = Release|Any CPU
		{34EF36EA-388E-48B8-80E6-4F8013B1577E}.Ad-Hoc|ARM.Build.0 = Release|Any CPU
		{34EF36EA-388E-48B8-80E6-4F8013B1577E}.Ad-Hoc|ARM.Deploy.0 = Release|Any CPU
		{34EF36EA-388E-48B8-80E6-4F8013B1577E}.Ad-Hoc|iPhone.ActiveCfg = Release|Any CPU
		{34EF36EA-388E-48B8-80E6-4F8013B1577E}.Ad-Hoc|iPhone.Build.0 = Release|Any CPU
		{34EF36EA-388E-48B8-80E6-4F8013B1577E}.Ad-Hoc|iPhone.Deploy.0 = Release|Any CPU
		{34EF36EA-388E-48B8-80E6-4F8013B1577E}.Ad-Hoc|iPhoneSimulator.ActiveCfg = Release|Any CPU
		{34EF36EA-388E-48B8-80E6-4F8013B1577E}.Ad-Hoc|iPhoneSimulator.Build.0 = Release|Any CPU
		{34EF36EA-388E-48B8-80E6-4F8013B1577E}.Ad-Hoc|iPhoneSimulator.Deploy.0 = Release|Any CPU
		{34EF36EA-388E-48B8-80E6-4F8013B1577E}.Ad-Hoc|x64.ActiveCfg = Release|Any CPU
		{34EF36EA-388E-48B8-80E6-4F8013B1577E}.Ad-Hoc|x64.Build.0 = Release|Any CPU
		{34EF36EA-388E-48B8-80E6-4F8013B1577E}.Ad-Hoc|x64.Deploy.0 = Release|Any CPU
		{34EF36EA-388E-48B8-80E6-4F8013B1577E}.Ad-Hoc|x86.ActiveCfg = Release|Any CPU
		{34EF36EA-388E-48B8-80E6-4F8013B1577E}.Ad-Hoc|x86.Build.0 = Release|Any CPU
		{34EF36EA-388E-48B8-80E6-4F8013B1577E}.Ad-Hoc|x86.Deploy.0 = Release|Any CPU
		{34EF36EA-388E-48B8-80E6-4F8013B1577E}.AppStore|Any CPU.ActiveCfg = Release|Any CPU
		{34EF36EA-388E-48B8-80E6-4F8013B1577E}.AppStore|Any CPU.Build.0 = Release|Any CPU
		{34EF36EA-388E-48B8-80E6-4F8013B1577E}.AppStore|Any CPU.Deploy.0 = Release|Any CPU
		{34EF36EA-388E-48B8-80E6-4F8013B1577E}.AppStore|ARM.ActiveCfg = Release|Any CPU
		{34EF36EA-388E-48B8-80E6-4F8013B1577E}.AppStore|ARM.Build.0 = Release|Any CPU
		{34EF36EA-388E-48B8-80E6-4F8013B1577E}.AppStore|ARM.Deploy.0 = Release|Any CPU
		{34EF36EA-388E-48B8-80E6-4F8013B1577E}.AppStore|iPhone.ActiveCfg = Release|Any CPU
		{34EF36EA-388E-48B8-80E6-4F8013B1577E}.AppStore|iPhone.Build.0 = Release|Any CPU
		{34EF36EA-388E-48B8-80E6-4F8013B1577E}.AppStore|iPhone.Deploy.0 = Release|Any CPU
		{34EF36EA-388E-48B8-80E6-4F8013B1577E}.AppStore|iPhoneSimulator.ActiveCfg = Release|Any CPU
		{34EF36EA-388E-48B8-80E6-4F8013B1577E}.AppStore|iPhoneSimulator.Build.0 = Release|Any CPU
		{34EF36EA-388E-48B8-80E6-4F8013B1577E}.AppStore|iPhoneSimulator.Deploy.0 = Release|Any CPU
		{34EF36EA-388E-48B8-80E6-4F8013B1577E}.AppStore|x64.ActiveCfg = Release|Any CPU
		{34EF36EA-388E-48B8-80E6-4F8013B1577E}.AppStore|x64.Build.0 = Release|Any CPU
		{34EF36EA-388E-48B8-80E6-4F8013B1577E}.AppStore|x64.Deploy.0 = Release|Any CPU
		{34EF36EA-388E-48B8-80E6-4F8013B1577E}.AppStore|x86.ActiveCfg = Release|Any CPU
		{34EF36EA-388E-48B8-80E6-4F8013B1577E}.AppStore|x86.Build.0 = Release|Any CPU
		{34EF36EA-388E-48B8-80E6-4F8013B1577E}.AppStore|x86.Deploy.0 = Release|Any CPU
		{34EF36EA-388E-48B8-80E6-4F8013B1577E}.Debug|Any CPU.ActiveCfg = Debug|Any CPU
		{34EF36EA-388E-48B8-80E6-4F8013B1577E}.Debug|Any CPU.Build.0 = Debug|Any CPU
		{34EF36EA-388E-48B8-80E6-4F8013B1577E}.Debug|Any CPU.Deploy.0 = Debug|Any CPU
		{34EF36EA-388E-48B8-80E6-4F8013B1577E}.Debug|ARM.ActiveCfg = Debug|Any CPU
		{34EF36EA-388E-48B8-80E6-4F8013B1577E}.Debug|ARM.Build.0 = Debug|Any CPU
		{34EF36EA-388E-48B8-80E6-4F8013B1577E}.Debug|ARM.Deploy.0 = Debug|Any CPU
		{34EF36EA-388E-48B8-80E6-4F8013B1577E}.Debug|iPhone.ActiveCfg = Debug|Any CPU
		{34EF36EA-388E-48B8-80E6-4F8013B1577E}.Debug|iPhone.Build.0 = Debug|Any CPU
		{34EF36EA-388E-48B8-80E6-4F8013B1577E}.Debug|iPhone.Deploy.0 = Debug|Any CPU
		{34EF36EA-388E-48B8-80E6-4F8013B1577E}.Debug|iPhoneSimulator.ActiveCfg = Debug|Any CPU
		{34EF36EA-388E-48B8-80E6-4F8013B1577E}.Debug|iPhoneSimulator.Build.0 = Debug|Any CPU
		{34EF36EA-388E-48B8-80E6-4F8013B1577E}.Debug|iPhoneSimulator.Deploy.0 = Debug|Any CPU
		{34EF36EA-388E-48B8-80E6-4F8013B1577E}.Debug|x64.ActiveCfg = Debug|Any CPU
		{34EF36EA-388E-48B8-80E6-4F8013B1577E}.Debug|x64.Build.0 = Debug|Any CPU
		{34EF36EA-388E-48B8-80E6-4F8013B1577E}.Debug|x64.Deploy.0 = Debug|Any CPU
		{34EF36EA-388E-48B8-80E6-4F8013B1577E}.Debug|x86.ActiveCfg = Debug|Any CPU
		{34EF36EA-388E-48B8-80E6-4F8013B1577E}.Debug|x86.Build.0 = Debug|Any CPU
		{34EF36EA-388E-48B8-80E6-4F8013B1577E}.Debug|x86.Deploy.0 = Debug|Any CPU
		{34EF36EA-388E-48B8-80E6-4F8013B1577E}.Release|Any CPU.ActiveCfg = Release|Any CPU
		{34EF36EA-388E-48B8-80E6-4F8013B1577E}.Release|Any CPU.Build.0 = Release|Any CPU
		{34EF36EA-388E-48B8-80E6-4F8013B1577E}.Release|Any CPU.Deploy.0 = Release|Any CPU
		{34EF36EA-388E-48B8-80E6-4F8013B1577E}.Release|ARM.ActiveCfg = Release|Any CPU
		{34EF36EA-388E-48B8-80E6-4F8013B1577E}.Release|ARM.Build.0 = Release|Any CPU
		{34EF36EA-388E-48B8-80E6-4F8013B1577E}.Release|ARM.Deploy.0 = Release|Any CPU
		{34EF36EA-388E-48B8-80E6-4F8013B1577E}.Release|iPhone.ActiveCfg = Release|Any CPU
		{34EF36EA-388E-48B8-80E6-4F8013B1577E}.Release|iPhone.Build.0 = Release|Any CPU
		{34EF36EA-388E-48B8-80E6-4F8013B1577E}.Release|iPhone.Deploy.0 = Release|Any CPU
		{34EF36EA-388E-48B8-80E6-4F8013B1577E}.Release|iPhoneSimulator.ActiveCfg = Release|Any CPU
		{34EF36EA-388E-48B8-80E6-4F8013B1577E}.Release|iPhoneSimulator.Build.0 = Release|Any CPU
		{34EF36EA-388E-48B8-80E6-4F8013B1577E}.Release|iPhoneSimulator.Deploy.0 = Release|Any CPU
		{34EF36EA-388E-48B8-80E6-4F8013B1577E}.Release|x64.ActiveCfg = Release|Any CPU
		{34EF36EA-388E-48B8-80E6-4F8013B1577E}.Release|x64.Build.0 = Release|Any CPU
		{34EF36EA-388E-48B8-80E6-4F8013B1577E}.Release|x64.Deploy.0 = Release|Any CPU
		{34EF36EA-388E-48B8-80E6-4F8013B1577E}.Release|x86.ActiveCfg = Release|Any CPU
		{34EF36EA-388E-48B8-80E6-4F8013B1577E}.Release|x86.Build.0 = Release|Any CPU
		{34EF36EA-388E-48B8-80E6-4F8013B1577E}.Release|x86.Deploy.0 = Release|Any CPU
		{892CB784-1132-4E4A-9345-EB484D3E1E33}.Ad-Hoc|Any CPU.ActiveCfg = Ad-Hoc|iPhone
		{892CB784-1132-4E4A-9345-EB484D3E1E33}.Ad-Hoc|ARM.ActiveCfg = Ad-Hoc|iPhone
		{892CB784-1132-4E4A-9345-EB484D3E1E33}.Ad-Hoc|iPhone.ActiveCfg = Ad-Hoc|iPhone
		{892CB784-1132-4E4A-9345-EB484D3E1E33}.Ad-Hoc|iPhone.Build.0 = Ad-Hoc|iPhone
		{892CB784-1132-4E4A-9345-EB484D3E1E33}.Ad-Hoc|iPhoneSimulator.ActiveCfg = Ad-Hoc|iPhoneSimulator
		{892CB784-1132-4E4A-9345-EB484D3E1E33}.Ad-Hoc|iPhoneSimulator.Build.0 = Ad-Hoc|iPhoneSimulator
		{892CB784-1132-4E4A-9345-EB484D3E1E33}.Ad-Hoc|x64.ActiveCfg = Ad-Hoc|iPhone
		{892CB784-1132-4E4A-9345-EB484D3E1E33}.Ad-Hoc|x86.ActiveCfg = Ad-Hoc|iPhone
		{892CB784-1132-4E4A-9345-EB484D3E1E33}.AppStore|Any CPU.ActiveCfg = AppStore|iPhone
		{892CB784-1132-4E4A-9345-EB484D3E1E33}.AppStore|ARM.ActiveCfg = AppStore|iPhone
		{892CB784-1132-4E4A-9345-EB484D3E1E33}.AppStore|iPhone.ActiveCfg = AppStore|iPhone
		{892CB784-1132-4E4A-9345-EB484D3E1E33}.AppStore|iPhone.Build.0 = AppStore|iPhone
		{892CB784-1132-4E4A-9345-EB484D3E1E33}.AppStore|iPhoneSimulator.ActiveCfg = AppStore|iPhoneSimulator
		{892CB784-1132-4E4A-9345-EB484D3E1E33}.AppStore|iPhoneSimulator.Build.0 = AppStore|iPhoneSimulator
		{892CB784-1132-4E4A-9345-EB484D3E1E33}.AppStore|x64.ActiveCfg = AppStore|iPhone
		{892CB784-1132-4E4A-9345-EB484D3E1E33}.AppStore|x86.ActiveCfg = AppStore|iPhone
		{892CB784-1132-4E4A-9345-EB484D3E1E33}.Debug|Any CPU.ActiveCfg = Debug|iPhone
		{892CB784-1132-4E4A-9345-EB484D3E1E33}.Debug|ARM.ActiveCfg = Debug|iPhone
		{892CB784-1132-4E4A-9345-EB484D3E1E33}.Debug|iPhone.ActiveCfg = Debug|iPhone
		{892CB784-1132-4E4A-9345-EB484D3E1E33}.Debug|iPhone.Build.0 = Debug|iPhone
		{892CB784-1132-4E4A-9345-EB484D3E1E33}.Debug|iPhoneSimulator.ActiveCfg = Debug|iPhoneSimulator
		{892CB784-1132-4E4A-9345-EB484D3E1E33}.Debug|iPhoneSimulator.Build.0 = Debug|iPhoneSimulator
		{892CB784-1132-4E4A-9345-EB484D3E1E33}.Debug|x64.ActiveCfg = Debug|iPhone
		{892CB784-1132-4E4A-9345-EB484D3E1E33}.Debug|x86.ActiveCfg = Debug|iPhone
		{892CB784-1132-4E4A-9345-EB484D3E1E33}.Release|Any CPU.ActiveCfg = Release|iPhone
		{892CB784-1132-4E4A-9345-EB484D3E1E33}.Release|ARM.ActiveCfg = Release|iPhone
		{892CB784-1132-4E4A-9345-EB484D3E1E33}.Release|iPhone.ActiveCfg = Release|iPhone
		{892CB784-1132-4E4A-9345-EB484D3E1E33}.Release|iPhone.Build.0 = Release|iPhone
		{892CB784-1132-4E4A-9345-EB484D3E1E33}.Release|iPhoneSimulator.ActiveCfg = Release|iPhoneSimulator
		{892CB784-1132-4E4A-9345-EB484D3E1E33}.Release|iPhoneSimulator.Build.0 = Release|iPhoneSimulator
		{892CB784-1132-4E4A-9345-EB484D3E1E33}.Release|x64.ActiveCfg = Release|iPhone
		{892CB784-1132-4E4A-9345-EB484D3E1E33}.Release|x86.ActiveCfg = Release|iPhone
		{A6938378-A385-4D8E-8A5E-061B0397C8ED}.Ad-Hoc|Any CPU.ActiveCfg = Release|x86
		{A6938378-A385-4D8E-8A5E-061B0397C8ED}.Ad-Hoc|Any CPU.Build.0 = Release|x86
		{A6938378-A385-4D8E-8A5E-061B0397C8ED}.Ad-Hoc|Any CPU.Deploy.0 = Release|x86
		{A6938378-A385-4D8E-8A5E-061B0397C8ED}.Ad-Hoc|ARM.ActiveCfg = Release|ARM
		{A6938378-A385-4D8E-8A5E-061B0397C8ED}.Ad-Hoc|ARM.Build.0 = Release|ARM
		{A6938378-A385-4D8E-8A5E-061B0397C8ED}.Ad-Hoc|ARM.Deploy.0 = Release|ARM
		{A6938378-A385-4D8E-8A5E-061B0397C8ED}.Ad-Hoc|iPhone.ActiveCfg = Release|x86
		{A6938378-A385-4D8E-8A5E-061B0397C8ED}.Ad-Hoc|iPhone.Build.0 = Release|x86
		{A6938378-A385-4D8E-8A5E-061B0397C8ED}.Ad-Hoc|iPhone.Deploy.0 = Release|x86
		{A6938378-A385-4D8E-8A5E-061B0397C8ED}.Ad-Hoc|iPhoneSimulator.ActiveCfg = Release|x86
		{A6938378-A385-4D8E-8A5E-061B0397C8ED}.Ad-Hoc|iPhoneSimulator.Build.0 = Release|x86
		{A6938378-A385-4D8E-8A5E-061B0397C8ED}.Ad-Hoc|iPhoneSimulator.Deploy.0 = Release|x86
		{A6938378-A385-4D8E-8A5E-061B0397C8ED}.Ad-Hoc|x64.ActiveCfg = Release|x64
		{A6938378-A385-4D8E-8A5E-061B0397C8ED}.Ad-Hoc|x64.Build.0 = Release|x64
		{A6938378-A385-4D8E-8A5E-061B0397C8ED}.Ad-Hoc|x64.Deploy.0 = Release|x64
		{A6938378-A385-4D8E-8A5E-061B0397C8ED}.Ad-Hoc|x86.ActiveCfg = Release|x86
		{A6938378-A385-4D8E-8A5E-061B0397C8ED}.Ad-Hoc|x86.Build.0 = Release|x86
		{A6938378-A385-4D8E-8A5E-061B0397C8ED}.Ad-Hoc|x86.Deploy.0 = Release|x86
		{A6938378-A385-4D8E-8A5E-061B0397C8ED}.AppStore|Any CPU.ActiveCfg = Release|x86
		{A6938378-A385-4D8E-8A5E-061B0397C8ED}.AppStore|Any CPU.Build.0 = Release|x86
		{A6938378-A385-4D8E-8A5E-061B0397C8ED}.AppStore|Any CPU.Deploy.0 = Release|x86
		{A6938378-A385-4D8E-8A5E-061B0397C8ED}.AppStore|ARM.ActiveCfg = Release|ARM
		{A6938378-A385-4D8E-8A5E-061B0397C8ED}.AppStore|ARM.Build.0 = Release|ARM
		{A6938378-A385-4D8E-8A5E-061B0397C8ED}.AppStore|ARM.Deploy.0 = Release|ARM
		{A6938378-A385-4D8E-8A5E-061B0397C8ED}.AppStore|iPhone.ActiveCfg = Release|x86
		{A6938378-A385-4D8E-8A5E-061B0397C8ED}.AppStore|iPhone.Build.0 = Release|x86
		{A6938378-A385-4D8E-8A5E-061B0397C8ED}.AppStore|iPhone.Deploy.0 = Release|x86
		{A6938378-A385-4D8E-8A5E-061B0397C8ED}.AppStore|iPhoneSimulator.ActiveCfg = Release|x86
		{A6938378-A385-4D8E-8A5E-061B0397C8ED}.AppStore|iPhoneSimulator.Build.0 = Release|x86
		{A6938378-A385-4D8E-8A5E-061B0397C8ED}.AppStore|iPhoneSimulator.Deploy.0 = Release|x86
		{A6938378-A385-4D8E-8A5E-061B0397C8ED}.AppStore|x64.ActiveCfg = Release|x64
		{A6938378-A385-4D8E-8A5E-061B0397C8ED}.AppStore|x64.Build.0 = Release|x64
		{A6938378-A385-4D8E-8A5E-061B0397C8ED}.AppStore|x64.Deploy.0 = Release|x64
		{A6938378-A385-4D8E-8A5E-061B0397C8ED}.AppStore|x86.ActiveCfg = Release|x86
		{A6938378-A385-4D8E-8A5E-061B0397C8ED}.AppStore|x86.Build.0 = Release|x86
		{A6938378-A385-4D8E-8A5E-061B0397C8ED}.AppStore|x86.Deploy.0 = Release|x86
		{A6938378-A385-4D8E-8A5E-061B0397C8ED}.Debug|Any CPU.ActiveCfg = Debug|x86
		{A6938378-A385-4D8E-8A5E-061B0397C8ED}.Debug|ARM.ActiveCfg = Debug|ARM
		{A6938378-A385-4D8E-8A5E-061B0397C8ED}.Debug|ARM.Build.0 = Debug|ARM
		{A6938378-A385-4D8E-8A5E-061B0397C8ED}.Debug|ARM.Deploy.0 = Debug|ARM
		{A6938378-A385-4D8E-8A5E-061B0397C8ED}.Debug|iPhone.ActiveCfg = Debug|x86
		{A6938378-A385-4D8E-8A5E-061B0397C8ED}.Debug|iPhoneSimulator.ActiveCfg = Debug|x86
		{A6938378-A385-4D8E-8A5E-061B0397C8ED}.Debug|x64.ActiveCfg = Debug|x64
		{A6938378-A385-4D8E-8A5E-061B0397C8ED}.Debug|x64.Build.0 = Debug|x64
		{A6938378-A385-4D8E-8A5E-061B0397C8ED}.Debug|x64.Deploy.0 = Debug|x64
		{A6938378-A385-4D8E-8A5E-061B0397C8ED}.Debug|x86.ActiveCfg = Debug|x86
		{A6938378-A385-4D8E-8A5E-061B0397C8ED}.Debug|x86.Build.0 = Debug|x86
		{A6938378-A385-4D8E-8A5E-061B0397C8ED}.Debug|x86.Deploy.0 = Debug|x86
		{A6938378-A385-4D8E-8A5E-061B0397C8ED}.Release|Any CPU.ActiveCfg = Release|x86
		{A6938378-A385-4D8E-8A5E-061B0397C8ED}.Release|ARM.ActiveCfg = Release|ARM
		{A6938378-A385-4D8E-8A5E-061B0397C8ED}.Release|ARM.Build.0 = Release|ARM
		{A6938378-A385-4D8E-8A5E-061B0397C8ED}.Release|ARM.Deploy.0 = Release|ARM
		{A6938378-A385-4D8E-8A5E-061B0397C8ED}.Release|iPhone.ActiveCfg = Release|x86
		{A6938378-A385-4D8E-8A5E-061B0397C8ED}.Release|iPhoneSimulator.ActiveCfg = Release|x86
		{A6938378-A385-4D8E-8A5E-061B0397C8ED}.Release|x64.ActiveCfg = Release|x64
		{A6938378-A385-4D8E-8A5E-061B0397C8ED}.Release|x64.Build.0 = Release|x64
		{A6938378-A385-4D8E-8A5E-061B0397C8ED}.Release|x64.Deploy.0 = Release|x64
		{A6938378-A385-4D8E-8A5E-061B0397C8ED}.Release|x86.ActiveCfg = Release|x86
		{A6938378-A385-4D8E-8A5E-061B0397C8ED}.Release|x86.Build.0 = Release|x86
		{A6938378-A385-4D8E-8A5E-061B0397C8ED}.Release|x86.Deploy.0 = Release|x86
	EndGlobalSection
	GlobalSection(SolutionProperties) = preSolution
		HideSolutionNode = FALSE
	EndGlobalSection
EndGlobal
