
Microsoft Visual Studio Solution File, Format Version 12.00
# Visual Studio 15
VisualStudioVersion = 15.0.26430.14
MinimumVisualStudioVersion = 10.0.40219.1
Project("{FAE04EC0-301F-11D3-BF4B-00C04F79EFBC}") = "XFCommand", "XFCommand\XFCommand\XFCommand.csproj", "{E346EA9A-45A6-43B5-A4AE-8F2F6D017F66}"
EndProject
Project("{FAE04EC0-301F-11D3-BF4B-00C04F79EFBC}") = "XFCommand.Droid", "XFCommand\XFCommand.Droid\XFCommand.Droid.csproj", "{1426F4D8-2342-4EB2-8F15-3C9F8D2B1780}"
EndProject
Project("{FAE04EC0-301F-11D3-BF4B-00C04F79EFBC}") = "XFCommand.iOS", "XFCommand\XFCommand.iOS\XFCommand.iOS.csproj", "{E7D0F3BE-FAD7-462E-8E40-9F31DF7D1CCA}"
EndProject
Project("{FAE04EC0-301F-11D3-BF4B-00C04F79EFBC}") = "XFCommand.UWP", "XFCommand\XFCommand.UWP\XFCommand.UWP.csproj", "{60C2D07B-CF8C-4921-9BD6-8ECD0BDB852D}"
EndProject
Global
	GlobalSection(SolutionConfigurationPlatforms) = preSolution
		Ad-Hoc|Any CPU = Ad-Hoc|Any CPU
		Ad-Hoc|ARM = Ad-Hoc|ARM
		Ad-Hoc|iPhone = Ad-Hoc|iPhone
		Ad-Hoc|iPhoneSimulator = Ad-Hoc|iPhoneSimulator
		Ad-Hoc|x64 = Ad-Hoc|x64
		Ad-Hoc|x86 = Ad-Hoc|x86
		AppStore|Any CPU = AppStore|Any CPU
		AppStore|ARM = AppStore|ARM
		AppStore|iPhone = AppStore|iPhone
		AppStore|iPhoneSimulator = AppStore|iPhoneSimulator
		AppStore|x64 = AppStore|x64
		AppStore|x86 = AppStore|x86
		Debug|Any CPU = Debug|Any CPU
		Debug|ARM = Debug|ARM
		Debug|iPhone = Debug|iPhone
		Debug|iPhoneSimulator = Debug|iPhoneSimulator
		Debug|x64 = Debug|x64
		Debug|x86 = Debug|x86
		Release|Any CPU = Release|Any CPU
		Release|ARM = Release|ARM
		Release|iPhone = Release|iPhone
		Release|iPhoneSimulator = Release|iPhoneSimulator
		Release|x64 = Release|x64
		Release|x86 = Release|x86
	EndGlobalSection
	GlobalSection(ProjectConfigurationPlatforms) = postSolution
		{E346EA9A-45A6-43B5-A4AE-8F2F6D017F66}.Ad-Hoc|Any CPU.ActiveCfg = Release|Any CPU
		{E346EA9A-45A6-43B5-A4AE-8F2F6D017F66}.Ad-Hoc|Any CPU.Build.0 = Release|Any CPU
		{E346EA9A-45A6-43B5-A4AE-8F2F6D017F66}.Ad-Hoc|ARM.ActiveCfg = Release|Any CPU
		{E346EA9A-45A6-43B5-A4AE-8F2F6D017F66}.Ad-Hoc|ARM.Build.0 = Release|Any CPU
		{E346EA9A-45A6-43B5-A4AE-8F2F6D017F66}.Ad-Hoc|iPhone.ActiveCfg = Release|Any CPU
		{E346EA9A-45A6-43B5-A4AE-8F2F6D017F66}.Ad-Hoc|iPhone.Build.0 = Release|Any CPU
		{E346EA9A-45A6-43B5-A4AE-8F2F6D017F66}.Ad-Hoc|iPhoneSimulator.ActiveCfg = Release|Any CPU
		{E346EA9A-45A6-43B5-A4AE-8F2F6D017F66}.Ad-Hoc|iPhoneSimulator.Build.0 = Release|Any CPU
		{E346EA9A-45A6-43B5-A4AE-8F2F6D017F66}.Ad-Hoc|x64.ActiveCfg = Release|Any CPU
		{E346EA9A-45A6-43B5-A4AE-8F2F6D017F66}.Ad-Hoc|x64.Build.0 = Release|Any CPU
		{E346EA9A-45A6-43B5-A4AE-8F2F6D017F66}.Ad-Hoc|x86.ActiveCfg = Release|Any CPU
		{E346EA9A-45A6-43B5-A4AE-8F2F6D017F66}.Ad-Hoc|x86.Build.0 = Release|Any CPU
		{E346EA9A-45A6-43B5-A4AE-8F2F6D017F66}.AppStore|Any CPU.ActiveCfg = Release|Any CPU
		{E346EA9A-45A6-43B5-A4AE-8F2F6D017F66}.AppStore|Any CPU.Build.0 = Release|Any CPU
		{E346EA9A-45A6-43B5-A4AE-8F2F6D017F66}.AppStore|ARM.ActiveCfg = Release|Any CPU
		{E346EA9A-45A6-43B5-A4AE-8F2F6D017F66}.AppStore|ARM.Build.0 = Release|Any CPU
		{E346EA9A-45A6-43B5-A4AE-8F2F6D017F66}.AppStore|iPhone.ActiveCfg = Release|Any CPU
		{E346EA9A-45A6-43B5-A4AE-8F2F6D017F66}.AppStore|iPhone.Build.0 = Release|Any CPU
		{E346EA9A-45A6-43B5-A4AE-8F2F6D017F66}.AppStore|iPhoneSimulator.ActiveCfg = Release|Any CPU
		{E346EA9A-45A6-43B5-A4AE-8F2F6D017F66}.AppStore|iPhoneSimulator.Build.0 = Release|Any CPU
		{E346EA9A-45A6-43B5-A4AE-8F2F6D017F66}.AppStore|x64.ActiveCfg = Release|Any CPU
		{E346EA9A-45A6-43B5-A4AE-8F2F6D017F66}.AppStore|x64.Build.0 = Release|Any CPU
		{E346EA9A-45A6-43B5-A4AE-8F2F6D017F66}.AppStore|x86.ActiveCfg = Release|Any CPU
		{E346EA9A-45A6-43B5-A4AE-8F2F6D017F66}.AppStore|x86.Build.0 = Release|Any CPU
		{E346EA9A-45A6-43B5-A4AE-8F2F6D017F66}.Debug|Any CPU.ActiveCfg = Debug|Any CPU
		{E346EA9A-45A6-43B5-A4AE-8F2F6D017F66}.Debug|Any CPU.Build.0 = Debug|Any CPU
		{E346EA9A-45A6-43B5-A4AE-8F2F6D017F66}.Debug|ARM.ActiveCfg = Debug|Any CPU
		{E346EA9A-45A6-43B5-A4AE-8F2F6D017F66}.Debug|ARM.Build.0 = Debug|Any CPU
		{E346EA9A-45A6-43B5-A4AE-8F2F6D017F66}.Debug|iPhone.ActiveCfg = Debug|Any CPU
		{E346EA9A-45A6-43B5-A4AE-8F2F6D017F66}.Debug|iPhone.Build.0 = Debug|Any CPU
		{E346EA9A-45A6-43B5-A4AE-8F2F6D017F66}.Debug|iPhoneSimulator.ActiveCfg = Debug|Any CPU
		{E346EA9A-45A6-43B5-A4AE-8F2F6D017F66}.Debug|iPhoneSimulator.Build.0 = Debug|Any CPU
		{E346EA9A-45A6-43B5-A4AE-8F2F6D017F66}.Debug|x64.ActiveCfg = Debug|Any CPU
		{E346EA9A-45A6-43B5-A4AE-8F2F6D017F66}.Debug|x64.Build.0 = Debug|Any CPU
		{E346EA9A-45A6-43B5-A4AE-8F2F6D017F66}.Debug|x86.ActiveCfg = Debug|Any CPU
		{E346EA9A-45A6-43B5-A4AE-8F2F6D017F66}.Debug|x86.Build.0 = Debug|Any CPU
		{E346EA9A-45A6-43B5-A4AE-8F2F6D017F66}.Release|Any CPU.ActiveCfg = Release|Any CPU
		{E346EA9A-45A6-43B5-A4AE-8F2F6D017F66}.Release|Any CPU.Build.0 = Release|Any CPU
		{E346EA9A-45A6-43B5-A4AE-8F2F6D017F66}.Release|ARM.ActiveCfg = Release|Any CPU
		{E346EA9A-45A6-43B5-A4AE-8F2F6D017F66}.Release|ARM.Build.0 = Release|Any CPU
		{E346EA9A-45A6-43B5-A4AE-8F2F6D017F66}.Release|iPhone.ActiveCfg = Release|Any CPU
		{E346EA9A-45A6-43B5-A4AE-8F2F6D017F66}.Release|iPhone.Build.0 = Release|Any CPU
		{E346EA9A-45A6-43B5-A4AE-8F2F6D017F66}.Release|iPhoneSimulator.ActiveCfg = Release|Any CPU
		{E346EA9A-45A6-43B5-A4AE-8F2F6D017F66}.Release|iPhoneSimulator.Build.0 = Release|Any CPU
		{E346EA9A-45A6-43B5-A4AE-8F2F6D017F66}.Release|x64.ActiveCfg = Release|Any CPU
		{E346EA9A-45A6-43B5-A4AE-8F2F6D017F66}.Release|x64.Build.0 = Release|Any CPU
		{E346EA9A-45A6-43B5-A4AE-8F2F6D017F66}.Release|x86.ActiveCfg = Release|Any CPU
		{E346EA9A-45A6-43B5-A4AE-8F2F6D017F66}.Release|x86.Build.0 = Release|Any CPU
		{1426F4D8-2342-4EB2-8F15-3C9F8D2B1780}.Ad-Hoc|Any CPU.ActiveCfg = Release|Any CPU
		{1426F4D8-2342-4EB2-8F15-3C9F8D2B1780}.Ad-Hoc|Any CPU.Build.0 = Release|Any CPU
		{1426F4D8-2342-4EB2-8F15-3C9F8D2B1780}.Ad-Hoc|Any CPU.Deploy.0 = Release|Any CPU
		{1426F4D8-2342-4EB2-8F15-3C9F8D2B1780}.Ad-Hoc|ARM.ActiveCfg = Release|Any CPU
		{1426F4D8-2342-4EB2-8F15-3C9F8D2B1780}.Ad-Hoc|ARM.Build.0 = Release|Any CPU
		{1426F4D8-2342-4EB2-8F15-3C9F8D2B1780}.Ad-Hoc|ARM.Deploy.0 = Release|Any CPU
		{1426F4D8-2342-4EB2-8F15-3C9F8D2B1780}.Ad-Hoc|iPhone.ActiveCfg = Release|Any CPU
		{1426F4D8-2342-4EB2-8F15-3C9F8D2B1780}.Ad-Hoc|iPhone.Build.0 = Release|Any CPU
		{1426F4D8-2342-4EB2-8F15-3C9F8D2B1780}.Ad-Hoc|iPhone.Deploy.0 = Release|Any CPU
		{1426F4D8-2342-4EB2-8F15-3C9F8D2B1780}.Ad-Hoc|iPhoneSimulator.ActiveCfg = Release|Any CPU
		{1426F4D8-2342-4EB2-8F15-3C9F8D2B1780}.Ad-Hoc|iPhoneSimulator.Build.0 = Release|Any CPU
		{1426F4D8-2342-4EB2-8F15-3C9F8D2B1780}.Ad-Hoc|iPhoneSimulator.Deploy.0 = Release|Any CPU
		{1426F4D8-2342-4EB2-8F15-3C9F8D2B1780}.Ad-Hoc|x64.ActiveCfg = Release|Any CPU
		{1426F4D8-2342-4EB2-8F15-3C9F8D2B1780}.Ad-Hoc|x64.Build.0 = Release|Any CPU
		{1426F4D8-2342-4EB2-8F15-3C9F8D2B1780}.Ad-Hoc|x64.Deploy.0 = Release|Any CPU
		{1426F4D8-2342-4EB2-8F15-3C9F8D2B1780}.Ad-Hoc|x86.ActiveCfg = Release|Any CPU
		{1426F4D8-2342-4EB2-8F15-3C9F8D2B1780}.Ad-Hoc|x86.Build.0 = Release|Any CPU
		{1426F4D8-2342-4EB2-8F15-3C9F8D2B1780}.Ad-Hoc|x86.Deploy.0 = Release|Any CPU
		{1426F4D8-2342-4EB2-8F15-3C9F8D2B1780}.AppStore|Any CPU.ActiveCfg = Release|Any CPU
		{1426F4D8-2342-4EB2-8F15-3C9F8D2B1780}.AppStore|Any CPU.Build.0 = Release|Any CPU
		{1426F4D8-2342-4EB2-8F15-3C9F8D2B1780}.AppStore|Any CPU.Deploy.0 = Release|Any CPU
		{1426F4D8-2342-4EB2-8F15-3C9F8D2B1780}.AppStore|ARM.ActiveCfg = Release|Any CPU
		{1426F4D8-2342-4EB2-8F15-3C9F8D2B1780}.AppStore|ARM.Build.0 = Release|Any CPU
		{1426F4D8-2342-4EB2-8F15-3C9F8D2B1780}.AppStore|ARM.Deploy.0 = Release|Any CPU
		{1426F4D8-2342-4EB2-8F15-3C9F8D2B1780}.AppStore|iPhone.ActiveCfg = Release|Any CPU
		{1426F4D8-2342-4EB2-8F15-3C9F8D2B1780}.AppStore|iPhone.Build.0 = Release|Any CPU
		{1426F4D8-2342-4EB2-8F15-3C9F8D2B1780}.AppStore|iPhone.Deploy.0 = Release|Any CPU
		{1426F4D8-2342-4EB2-8F15-3C9F8D2B1780}.AppStore|iPhoneSimulator.ActiveCfg = Release|Any CPU
		{1426F4D8-2342-4EB2-8F15-3C9F8D2B1780}.AppStore|iPhoneSimulator.Build.0 = Release|Any CPU
		{1426F4D8-2342-4EB2-8F15-3C9F8D2B1780}.AppStore|iPhoneSimulator.Deploy.0 = Release|Any CPU
		{1426F4D8-2342-4EB2-8F15-3C9F8D2B1780}.AppStore|x64.ActiveCfg = Release|Any CPU
		{1426F4D8-2342-4EB2-8F15-3C9F8D2B1780}.AppStore|x64.Build.0 = Release|Any CPU
		{1426F4D8-2342-4EB2-8F15-3C9F8D2B1780}.AppStore|x64.Deploy.0 = Release|Any CPU
		{1426F4D8-2342-4EB2-8F15-3C9F8D2B1780}.AppStore|x86.ActiveCfg = Release|Any CPU
		{1426F4D8-2342-4EB2-8F15-3C9F8D2B1780}.AppStore|x86.Build.0 = Release|Any CPU
		{1426F4D8-2342-4EB2-8F15-3C9F8D2B1780}.AppStore|x86.Deploy.0 = Release|Any CPU
		{1426F4D8-2342-4EB2-8F15-3C9F8D2B1780}.Debug|Any CPU.ActiveCfg = Debug|Any CPU
		{1426F4D8-2342-4EB2-8F15-3C9F8D2B1780}.Debug|Any CPU.Build.0 = Debug|Any CPU
		{1426F4D8-2342-4EB2-8F15-3C9F8D2B1780}.Debug|Any CPU.Deploy.0 = Debug|Any CPU
		{1426F4D8-2342-4EB2-8F15-3C9F8D2B1780}.Debug|ARM.ActiveCfg = Debug|Any CPU
		{1426F4D8-2342-4EB2-8F15-3C9F8D2B1780}.Debug|ARM.Build.0 = Debug|Any CPU
		{1426F4D8-2342-4EB2-8F15-3C9F8D2B1780}.Debug|ARM.Deploy.0 = Debug|Any CPU
		{1426F4D8-2342-4EB2-8F15-3C9F8D2B1780}.Debug|iPhone.ActiveCfg = Debug|Any CPU
		{1426F4D8-2342-4EB2-8F15-3C9F8D2B1780}.Debug|iPhone.Build.0 = Debug|Any CPU
		{1426F4D8-2342-4EB2-8F15-3C9F8D2B1780}.Debug|iPhone.Deploy.0 = Debug|Any CPU
		{1426F4D8-2342-4EB2-8F15-3C9F8D2B1780}.Debug|iPhoneSimulator.ActiveCfg = Debug|Any CPU
		{1426F4D8-2342-4EB2-8F15-3C9F8D2B1780}.Debug|iPhoneSimulator.Build.0 = Debug|Any CPU
		{1426F4D8-2342-4EB2-8F15-3C9F8D2B1780}.Debug|iPhoneSimulator.Deploy.0 = Debug|Any CPU
		{1426F4D8-2342-4EB2-8F15-3C9F8D2B1780}.Debug|x64.ActiveCfg = Debug|Any CPU
		{1426F4D8-2342-4EB2-8F15-3C9F8D2B1780}.Debug|x64.Build.0 = Debug|Any CPU
		{1426F4D8-2342-4EB2-8F15-3C9F8D2B1780}.Debug|x64.Deploy.0 = Debug|Any CPU
		{1426F4D8-2342-4EB2-8F15-3C9F8D2B1780}.Debug|x86.ActiveCfg = Debug|Any CPU
		{1426F4D8-2342-4EB2-8F15-3C9F8D2B1780}.Debug|x86.Build.0 = Debug|Any CPU
		{1426F4D8-2342-4EB2-8F15-3C9F8D2B1780}.Debug|x86.Deploy.0 = Debug|Any CPU
		{1426F4D8-2342-4EB2-8F15-3C9F8D2B1780}.Release|Any CPU.ActiveCfg = Release|Any CPU
		{1426F4D8-2342-4EB2-8F15-3C9F8D2B1780}.Release|Any CPU.Build.0 = Release|Any CPU
		{1426F4D8-2342-4EB2-8F15-3C9F8D2B1780}.Release|Any CPU.Deploy.0 = Release|Any CPU
		{1426F4D8-2342-4EB2-8F15-3C9F8D2B1780}.Release|ARM.ActiveCfg = Release|Any CPU
		{1426F4D8-2342-4EB2-8F15-3C9F8D2B1780}.Release|ARM.Build.0 = Release|Any CPU
		{1426F4D8-2342-4EB2-8F15-3C9F8D2B1780}.Release|ARM.Deploy.0 = Release|Any CPU
		{1426F4D8-2342-4EB2-8F15-3C9F8D2B1780}.Release|iPhone.ActiveCfg = Release|Any CPU
		{1426F4D8-2342-4EB2-8F15-3C9F8D2B1780}.Release|iPhone.Build.0 = Release|Any CPU
		{1426F4D8-2342-4EB2-8F15-3C9F8D2B1780}.Release|iPhone.Deploy.0 = Release|Any CPU
		{1426F4D8-2342-4EB2-8F15-3C9F8D2B1780}.Release|iPhoneSimulator.ActiveCfg = Release|Any CPU
		{1426F4D8-2342-4EB2-8F15-3C9F8D2B1780}.Release|iPhoneSimulator.Build.0 = Release|Any CPU
		{1426F4D8-2342-4EB2-8F15-3C9F8D2B1780}.Release|iPhoneSimulator.Deploy.0 = Release|Any CPU
		{1426F4D8-2342-4EB2-8F15-3C9F8D2B1780}.Release|x64.ActiveCfg = Release|Any CPU
		{1426F4D8-2342-4EB2-8F15-3C9F8D2B1780}.Release|x64.Build.0 = Release|Any CPU
		{1426F4D8-2342-4EB2-8F15-3C9F8D2B1780}.Release|x64.Deploy.0 = Release|Any CPU
		{1426F4D8-2342-4EB2-8F15-3C9F8D2B1780}.Release|x86.ActiveCfg = Release|Any CPU
		{1426F4D8-2342-4EB2-8F15-3C9F8D2B1780}.Release|x86.Build.0 = Release|Any CPU
		{1426F4D8-2342-4EB2-8F15-3C9F8D2B1780}.Release|x86.Deploy.0 = Release|Any CPU
		{E7D0F3BE-FAD7-462E-8E40-9F31DF7D1CCA}.Ad-Hoc|Any CPU.ActiveCfg = Ad-Hoc|iPhone
		{E7D0F3BE-FAD7-462E-8E40-9F31DF7D1CCA}.Ad-Hoc|ARM.ActiveCfg = Ad-Hoc|iPhone
		{E7D0F3BE-FAD7-462E-8E40-9F31DF7D1CCA}.Ad-Hoc|iPhone.ActiveCfg = Ad-Hoc|iPhone
		{E7D0F3BE-FAD7-462E-8E40-9F31DF7D1CCA}.Ad-Hoc|iPhone.Build.0 = Ad-Hoc|iPhone
		{E7D0F3BE-FAD7-462E-8E40-9F31DF7D1CCA}.Ad-Hoc|iPhoneSimulator.ActiveCfg = Ad-Hoc|iPhoneSimulator
		{E7D0F3BE-FAD7-462E-8E40-9F31DF7D1CCA}.Ad-Hoc|iPhoneSimulator.Build.0 = Ad-Hoc|iPhoneSimulator
		{E7D0F3BE-FAD7-462E-8E40-9F31DF7D1CCA}.Ad-Hoc|x64.ActiveCfg = Ad-Hoc|iPhone
		{E7D0F3BE-FAD7-462E-8E40-9F31DF7D1CCA}.Ad-Hoc|x86.ActiveCfg = Ad-Hoc|iPhone
		{E7D0F3BE-FAD7-462E-8E40-9F31DF7D1CCA}.AppStore|Any CPU.ActiveCfg = AppStore|iPhone
		{E7D0F3BE-FAD7-462E-8E40-9F31DF7D1CCA}.AppStore|ARM.ActiveCfg = AppStore|iPhone
		{E7D0F3BE-FAD7-462E-8E40-9F31DF7D1CCA}.AppStore|iPhone.ActiveCfg = AppStore|iPhone
		{E7D0F3BE-FAD7-462E-8E40-9F31DF7D1CCA}.AppStore|iPhone.Build.0 = AppStore|iPhone
		{E7D0F3BE-FAD7-462E-8E40-9F31DF7D1CCA}.AppStore|iPhoneSimulator.ActiveCfg = AppStore|iPhoneSimulator
		{E7D0F3BE-FAD7-462E-8E40-9F31DF7D1CCA}.AppStore|iPhoneSimulator.Build.0 = AppStore|iPhoneSimulator
		{E7D0F3BE-FAD7-462E-8E40-9F31DF7D1CCA}.AppStore|x64.ActiveCfg = AppStore|iPhone
		{E7D0F3BE-FAD7-462E-8E40-9F31DF7D1CCA}.AppStore|x86.ActiveCfg = AppStore|iPhone
		{E7D0F3BE-FAD7-462E-8E40-9F31DF7D1CCA}.Debug|Any CPU.ActiveCfg = Debug|iPhone
		{E7D0F3BE-FAD7-462E-8E40-9F31DF7D1CCA}.Debug|ARM.ActiveCfg = Debug|iPhone
		{E7D0F3BE-FAD7-462E-8E40-9F31DF7D1CCA}.Debug|iPhone.ActiveCfg = Debug|iPhone
		{E7D0F3BE-FAD7-462E-8E40-9F31DF7D1CCA}.Debug|iPhone.Build.0 = Debug|iPhone
		{E7D0F3BE-FAD7-462E-8E40-9F31DF7D1CCA}.Debug|iPhoneSimulator.ActiveCfg = Debug|iPhoneSimulator
		{E7D0F3BE-FAD7-462E-8E40-9F31DF7D1CCA}.Debug|iPhoneSimulator.Build.0 = Debug|iPhoneSimulator
		{E7D0F3BE-FAD7-462E-8E40-9F31DF7D1CCA}.Debug|x64.ActiveCfg = Debug|iPhone
		{E7D0F3BE-FAD7-462E-8E40-9F31DF7D1CCA}.Debug|x86.ActiveCfg = Debug|iPhone
		{E7D0F3BE-FAD7-462E-8E40-9F31DF7D1CCA}.Release|Any CPU.ActiveCfg = Release|iPhone
		{E7D0F3BE-FAD7-462E-8E40-9F31DF7D1CCA}.Release|ARM.ActiveCfg = Release|iPhone
		{E7D0F3BE-FAD7-462E-8E40-9F31DF7D1CCA}.Release|iPhone.ActiveCfg = Release|iPhone
		{E7D0F3BE-FAD7-462E-8E40-9F31DF7D1CCA}.Release|iPhone.Build.0 = Release|iPhone
		{E7D0F3BE-FAD7-462E-8E40-9F31DF7D1CCA}.Release|iPhoneSimulator.ActiveCfg = Release|iPhoneSimulator
		{E7D0F3BE-FAD7-462E-8E40-9F31DF7D1CCA}.Release|iPhoneSimulator.Build.0 = Release|iPhoneSimulator
		{E7D0F3BE-FAD7-462E-8E40-9F31DF7D1CCA}.Release|x64.ActiveCfg = Release|iPhone
		{E7D0F3BE-FAD7-462E-8E40-9F31DF7D1CCA}.Release|x86.ActiveCfg = Release|iPhone
		{60C2D07B-CF8C-4921-9BD6-8ECD0BDB852D}.Ad-Hoc|Any CPU.ActiveCfg = Release|x86
		{60C2D07B-CF8C-4921-9BD6-8ECD0BDB852D}.Ad-Hoc|Any CPU.Build.0 = Release|x86
		{60C2D07B-CF8C-4921-9BD6-8ECD0BDB852D}.Ad-Hoc|Any CPU.Deploy.0 = Release|x86
		{60C2D07B-CF8C-4921-9BD6-8ECD0BDB852D}.Ad-Hoc|ARM.ActiveCfg = Release|ARM
		{60C2D07B-CF8C-4921-9BD6-8ECD0BDB852D}.Ad-Hoc|ARM.Build.0 = Release|ARM
		{60C2D07B-CF8C-4921-9BD6-8ECD0BDB852D}.Ad-Hoc|ARM.Deploy.0 = Release|ARM
		{60C2D07B-CF8C-4921-9BD6-8ECD0BDB852D}.Ad-Hoc|iPhone.ActiveCfg = Release|x86
		{60C2D07B-CF8C-4921-9BD6-8ECD0BDB852D}.Ad-Hoc|iPhone.Build.0 = Release|x86
		{60C2D07B-CF8C-4921-9BD6-8ECD0BDB852D}.Ad-Hoc|iPhone.Deploy.0 = Release|x86
		{60C2D07B-CF8C-4921-9BD6-8ECD0BDB852D}.Ad-Hoc|iPhoneSimulator.ActiveCfg = Release|x86
		{60C2D07B-CF8C-4921-9BD6-8ECD0BDB852D}.Ad-Hoc|iPhoneSimulator.Build.0 = Release|x86
		{60C2D07B-CF8C-4921-9BD6-8ECD0BDB852D}.Ad-Hoc|iPhoneSimulator.Deploy.0 = Release|x86
		{60C2D07B-CF8C-4921-9BD6-8ECD0BDB852D}.Ad-Hoc|x64.ActiveCfg = Release|x64
		{60C2D07B-CF8C-4921-9BD6-8ECD0BDB852D}.Ad-Hoc|x64.Build.0 = Release|x64
		{60C2D07B-CF8C-4921-9BD6-8ECD0BDB852D}.Ad-Hoc|x64.Deploy.0 = Release|x64
		{60C2D07B-CF8C-4921-9BD6-8ECD0BDB852D}.Ad-Hoc|x86.ActiveCfg = Release|x86
		{60C2D07B-CF8C-4921-9BD6-8ECD0BDB852D}.Ad-Hoc|x86.Build.0 = Release|x86
		{60C2D07B-CF8C-4921-9BD6-8ECD0BDB852D}.Ad-Hoc|x86.Deploy.0 = Release|x86
		{60C2D07B-CF8C-4921-9BD6-8ECD0BDB852D}.AppStore|Any CPU.ActiveCfg = Release|x86
		{60C2D07B-CF8C-4921-9BD6-8ECD0BDB852D}.AppStore|Any CPU.Build.0 = Release|x86
		{60C2D07B-CF8C-4921-9BD6-8ECD0BDB852D}.AppStore|Any CPU.Deploy.0 = Release|x86
		{60C2D07B-CF8C-4921-9BD6-8ECD0BDB852D}.AppStore|ARM.ActiveCfg = Release|ARM
		{60C2D07B-CF8C-4921-9BD6-8ECD0BDB852D}.AppStore|ARM.Build.0 = Release|ARM
		{60C2D07B-CF8C-4921-9BD6-8ECD0BDB852D}.AppStore|ARM.Deploy.0 = Release|ARM
		{60C2D07B-CF8C-4921-9BD6-8ECD0BDB852D}.AppStore|iPhone.ActiveCfg = Release|x86
		{60C2D07B-CF8C-4921-9BD6-8ECD0BDB852D}.AppStore|iPhone.Build.0 = Release|x86
		{60C2D07B-CF8C-4921-9BD6-8ECD0BDB852D}.AppStore|iPhone.Deploy.0 = Release|x86
		{60C2D07B-CF8C-4921-9BD6-8ECD0BDB852D}.AppStore|iPhoneSimulator.ActiveCfg = Release|x86
		{60C2D07B-CF8C-4921-9BD6-8ECD0BDB852D}.AppStore|iPhoneSimulator.Build.0 = Release|x86
		{60C2D07B-CF8C-4921-9BD6-8ECD0BDB852D}.AppStore|iPhoneSimulator.Deploy.0 = Release|x86
		{60C2D07B-CF8C-4921-9BD6-8ECD0BDB852D}.AppStore|x64.ActiveCfg = Release|x64
		{60C2D07B-CF8C-4921-9BD6-8ECD0BDB852D}.AppStore|x64.Build.0 = Release|x64
		{60C2D07B-CF8C-4921-9BD6-8ECD0BDB852D}.AppStore|x64.Deploy.0 = Release|x64
		{60C2D07B-CF8C-4921-9BD6-8ECD0BDB852D}.AppStore|x86.ActiveCfg = Release|x86
		{60C2D07B-CF8C-4921-9BD6-8ECD0BDB852D}.AppStore|x86.Build.0 = Release|x86
		{60C2D07B-CF8C-4921-9BD6-8ECD0BDB852D}.AppStore|x86.Deploy.0 = Release|x86
		{60C2D07B-CF8C-4921-9BD6-8ECD0BDB852D}.Debug|Any CPU.ActiveCfg = Debug|x86
		{60C2D07B-CF8C-4921-9BD6-8ECD0BDB852D}.Debug|ARM.ActiveCfg = Debug|ARM
		{60C2D07B-CF8C-4921-9BD6-8ECD0BDB852D}.Debug|ARM.Build.0 = Debug|ARM
		{60C2D07B-CF8C-4921-9BD6-8ECD0BDB852D}.Debug|ARM.Deploy.0 = Debug|ARM
		{60C2D07B-CF8C-4921-9BD6-8ECD0BDB852D}.Debug|iPhone.ActiveCfg = Debug|x86
		{60C2D07B-CF8C-4921-9BD6-8ECD0BDB852D}.Debug|iPhoneSimulator.ActiveCfg = Debug|x86
		{60C2D07B-CF8C-4921-9BD6-8ECD0BDB852D}.Debug|x64.ActiveCfg = Debug|x64
		{60C2D07B-CF8C-4921-9BD6-8ECD0BDB852D}.Debug|x64.Build.0 = Debug|x64
		{60C2D07B-CF8C-4921-9BD6-8ECD0BDB852D}.Debug|x64.Deploy.0 = Debug|x64
		{60C2D07B-CF8C-4921-9BD6-8ECD0BDB852D}.Debug|x86.ActiveCfg = Debug|x86
		{60C2D07B-CF8C-4921-9BD6-8ECD0BDB852D}.Debug|x86.Build.0 = Debug|x86
		{60C2D07B-CF8C-4921-9BD6-8ECD0BDB852D}.Debug|x86.Deploy.0 = Debug|x86
		{60C2D07B-CF8C-4921-9BD6-8ECD0BDB852D}.Release|Any CPU.ActiveCfg = Release|x86
		{60C2D07B-CF8C-4921-9BD6-8ECD0BDB852D}.Release|ARM.ActiveCfg = Release|ARM
		{60C2D07B-CF8C-4921-9BD6-8ECD0BDB852D}.Release|ARM.Build.0 = Release|ARM
		{60C2D07B-CF8C-4921-9BD6-8ECD0BDB852D}.Release|ARM.Deploy.0 = Release|ARM
		{60C2D07B-CF8C-4921-9BD6-8ECD0BDB852D}.Release|iPhone.ActiveCfg = Release|x86
		{60C2D07B-CF8C-4921-9BD6-8ECD0BDB852D}.Release|iPhoneSimulator.ActiveCfg = Release|x86
		{60C2D07B-CF8C-4921-9BD6-8ECD0BDB852D}.Release|x64.ActiveCfg = Release|x64
		{60C2D07B-CF8C-4921-9BD6-8ECD0BDB852D}.Release|x64.Build.0 = Release|x64
		{60C2D07B-CF8C-4921-9BD6-8ECD0BDB852D}.Release|x64.Deploy.0 = Release|x64
		{60C2D07B-CF8C-4921-9BD6-8ECD0BDB852D}.Release|x86.ActiveCfg = Release|x86
		{60C2D07B-CF8C-4921-9BD6-8ECD0BDB852D}.Release|x86.Build.0 = Release|x86
		{60C2D07B-CF8C-4921-9BD6-8ECD0BDB852D}.Release|x86.Deploy.0 = Release|x86
	EndGlobalSection
	GlobalSection(SolutionProperties) = preSolution
		HideSolutionNode = FALSE
	EndGlobalSection
EndGlobal
